
Microsoft Visual Studio Solution File, Format Version 12.00
# Visual Studio Version 17
VisualStudioVersion = 17.8.34330.188
MinimumVisualStudioVersion = 10.0.40219.1
Project("{FAE04EC0-301F-11D3-BF4B-00C04F79EFBC}") = "CheckAPI", "CheckAPI\CheckAPI.csproj", "{A772FD7A-E3B9-47AD-A0BF-09EBD0EE689C}"
EndProject
Global
	GlobalSection(SolutionConfigurationPlatforms) = preSolution
		Debug|Any CPU = Debug|Any CPU
		Release|Any CPU = Release|Any CPU
	EndGlobalSection
	GlobalSection(ProjectConfigurationPlatforms) = postSolution
		{A772FD7A-E3B9-47AD-A0BF-09EBD0EE689C}.Debug|Any CPU.ActiveCfg = Debug|Any CPU
		{A772FD7A-E3B9-47AD-A0BF-09EBD0EE689C}.Debug|Any CPU.Build.0 = Debug|Any CPU
		{A772FD7A-E3B9-47AD-A0BF-09EBD0EE689C}.Release|Any CPU.ActiveCfg = Release|Any CPU
		{A772FD7A-E3B9-47AD-A0BF-09EBD0EE689C}.Release|Any CPU.Build.0 = Release|Any CPU
	EndGlobalSection
	GlobalSection(SolutionProperties) = preSolution
		HideSolutionNode = FALSE
	EndGlobalSection
	GlobalSection(ExtensibilityGlobals) = postSolution
		SolutionGuid = {397F66F7-1DAB-40B8-B67C-FCF4F97355C5}
	EndGlobalSection
EndGlobal
